{
  "originHash" : "00dad5e0e0a2f6b960b6dedf9a40c9cd8e9288b0f1c265695a4726d7cba31296",
  "pins" : [
    {
      "identity" : "openai",
      "kind" : "remoteSourceControl",
      "location" : "https://github.com/MacPaw/OpenAI.git",
      "state" : {
        "revision" : "843e087929aa806adb611dbca93f9a4a7f28be04",
        "version" : "0.3.0"
      }
    },
    {
      "identity" : "swiftanthropic",
      "kind" : "remoteSourceControl",
      "location" : "https://github.com/jamesrochabrun/SwiftAnthropic",
      "state" : {
        "revision" : "f0c746648f0c393ebe7ae6349f35bf8dfde6a108",
        "version" : "1.8.4"
      }
    }
  ],
  "version" : 3
}
