// !$*UTF8*$!
{
	archiveVersion = 1;
	classes = {
	};
	objectVersion = 56;
	objects = {

/* Begin PBXBuildFile section */
		CC1125332C9384B8007AF247 /* Scan360.swift in Sources */ = {isa = PBXBuildFile; fileRef = CC1125322C9384B8007AF247 /* Scan360.swift */; };
		CC1125352C93A9A5007AF247 /* Task+Extensions.swift in Sources */ = {isa = PBXBuildFile; fileRef = CC1125342C93A9A5007AF247 /* Task+Extensions.swift */; };
		CC1125372C93B8F2007AF247 /* NavigationController.swift in Sources */ = {isa = PBXBuildFile; fileRef = CC1125362C93B8F2007AF247 /* NavigationController.swift */; };
		CC1125392C93BD3B007AF247 /* NavigateToGoal.swift in Sources */ = {isa = PBXBuildFile; fileRef = CC1125382C93BD3B007AF247 /* NavigateToGoal.swift */; };
		CC11253B2C93F213007AF247 /* RenderOccupancyMap.swift in Sources */ = {isa = PBXBuildFile; fileRef = CC11253A2C93F213007AF247 /* RenderOccupancyMap.swift */; };
		CC2AA5E02C7C010800A8DE67 /* Interpolator.swift in Sources */ = {isa = PBXBuildFile; fileRef = CC2AA5DF2C7C010800A8DE67 /* Interpolator.swift */; };
		CC2AA5E42C7C070B00A8DE67 /* angular_velocity_kitchen_floor.txt in Resources */ = {isa = PBXBuildFile; fileRef = CC2AA5E32C7C070B00A8DE67 /* angular_velocity_kitchen_floor.txt */; };
		CC38DE332C7CE714003EEBDE /* SettingsView.swift in Sources */ = {isa = PBXBuildFile; fileRef = CC38DE322C7CE714003EEBDE /* SettingsView.swift */; };
		CC38DE352C7CEB4D003EEBDE /* Role.swift in Sources */ = {isa = PBXBuildFile; fileRef = CC38DE342C7CEB4D003EEBDE /* Role.swift */; };
		CC38DE372C7CECC4003EEBDE /* Settings.swift in Sources */ = {isa = PBXBuildFile; fileRef = CC38DE362C7CECC4003EEBDE /* Settings.swift */; };
		CC38DE392C7CFBB9003EEBDE /* PeerManager.swift in Sources */ = {isa = PBXBuildFile; fileRef = CC38DE382C7CFBB9003EEBDE /* PeerManager.swift */; };
		CC38DE3B2C7D0744003EEBDE /* PeerMessages.swift in Sources */ = {isa = PBXBuildFile; fileRef = CC38DE3A2C7D0744003EEBDE /* PeerMessages.swift */; };
		CC38DE3D2C7D23B5003EEBDE /* ParticipantRenderer.swift in Sources */ = {isa = PBXBuildFile; fileRef = CC38DE3C2C7D23B5003EEBDE /* ParticipantRenderer.swift */; };
		CC38DE3F2C7D4E96003EEBDE /* CollaborativeMappingStateView.swift in Sources */ = {isa = PBXBuildFile; fileRef = CC38DE3E2C7D4E96003EEBDE /* CollaborativeMappingStateView.swift */; };
		CC38DE412C7D9E05003EEBDE /* WeakRef.swift in Sources */ = {isa = PBXBuildFile; fileRef = CC38DE402C7D9E05003EEBDE /* WeakRef.swift */; };
		CC7C1CB12C76F336003BFA0B /* JSONMessage.swift in Sources */ = {isa = PBXBuildFile; fileRef = CC7C1CB02C76F336003BFA0B /* JSONMessage.swift */; };
		CC7C1CB32C76F35E003BFA0B /* AsyncTCPConnection.swift in Sources */ = {isa = PBXBuildFile; fileRef = CC7C1CB22C76F35E003BFA0B /* AsyncTCPConnection.swift */; };
		CC7C1CB62C76F516003BFA0B /* ServerMessages.swift in Sources */ = {isa = PBXBuildFile; fileRef = CC7C1CB52C76F516003BFA0B /* ServerMessages.swift */; };
		CC7C1CB82C76F577003BFA0B /* Client.swift in Sources */ = {isa = PBXBuildFile; fileRef = CC7C1CB72C76F577003BFA0B /* Client.swift */; };
		CC7C1CBB2C786DCD003BFA0B /* AsyncStreamMulticaster.swift in Sources */ = {isa = PBXBuildFile; fileRef = CC7C1CBA2C786DCD003BFA0B /* AsyncStreamMulticaster.swift */; };
		CC7C1CBF2C7A66BC003BFA0B /* PID.swift in Sources */ = {isa = PBXBuildFile; fileRef = CC7C1CBE2C7A66BC003BFA0B /* PID.swift */; };
		CC8C395B2C90F4380040559F /* FindPath.cpp in Sources */ = {isa = PBXBuildFile; fileRef = CC8C39592C90F4380040559F /* FindPath.cpp */; };
		CC8C395D2C911EBA0040559F /* GPUOccupancyMap.swift in Sources */ = {isa = PBXBuildFile; fileRef = CC8C395C2C911EBA0040559F /* GPUOccupancyMap.swift */; };
		CC8C395F2C912AA50040559F /* ComputeShaders.metal in Sources */ = {isa = PBXBuildFile; fileRef = CC8C395E2C912AA50040559F /* ComputeShaders.metal */; };
		CCA3B92B2C8CE0D400F15F9F /* DepthTest.swift in Sources */ = {isa = PBXBuildFile; fileRef = CCA3B92A2C8CE0D400F15F9F /* DepthTest.swift */; };
		CCA3B92D2C8CE26E00F15F9F /* CVPixelBuffer+Extensions.swift in Sources */ = {isa = PBXBuildFile; fileRef = CCA3B92C2C8CE26E00F15F9F /* CVPixelBuffer+Extensions.swift */; };
		CCA3B92F2C8CF7A800F15F9F /* simd_float3x3+Extensions.swift in Sources */ = {isa = PBXBuildFile; fileRef = CCA3B92E2C8CF7A800F15F9F /* simd_float3x3+Extensions.swift */; };
		CCA3B9312C8D00DF00F15F9F /* simd_float4+Extensions.swift in Sources */ = {isa = PBXBuildFile; fileRef = CCA3B9302C8D00DF00F15F9F /* simd_float4+Extensions.swift */; };
		CCA3B9352C8EA2D300F15F9F /* Calibration.swift in Sources */ = {isa = PBXBuildFile; fileRef = CCA3B9342C8EA2D300F15F9F /* Calibration.swift */; };
		CCA3B9392C8EC40E00F15F9F /* FilterDepthMap.cpp in Sources */ = {isa = PBXBuildFile; fileRef = CCA3B9372C8EC40E00F15F9F /* FilterDepthMap.cpp */; };
		CCA3B93C2C8ECB2F00F15F9F /* OccupancyMap.cpp in Sources */ = {isa = PBXBuildFile; fileRef = CCA3B93A2C8ECB2F00F15F9F /* OccupancyMap.cpp */; };
		CCA3B93E2C8FB7C400F15F9F /* Stopwatch.swift in Sources */ = {isa = PBXBuildFile; fileRef = CCA3B93D2C8FB7C400F15F9F /* Stopwatch.swift */; };
		CCA9A0FC2C62D35E00B0401C /* RoBartApp.swift in Sources */ = {isa = PBXBuildFile; fileRef = CCA9A0FB2C62D35E00B0401C /* RoBartApp.swift */; };
		CCA9A0FE2C62D35E00B0401C /* ContentView.swift in Sources */ = {isa = PBXBuildFile; fileRef = CCA9A0FD2C62D35E00B0401C /* ContentView.swift */; };
		CCA9A1002C62D35F00B0401C /* Assets.xcassets in Resources */ = {isa = PBXBuildFile; fileRef = CCA9A0FF2C62D35F00B0401C /* Assets.xcassets */; };
		CCA9A1032C62D35F00B0401C /* Preview Assets.xcassets in Resources */ = {isa = PBXBuildFile; fileRef = CCA9A1022C62D35F00B0401C /* Preview Assets.xcassets */; };
		CCA9A10B2C62D73500B0401C /* ARSessionManager.swift in Sources */ = {isa = PBXBuildFile; fileRef = CCA9A10A2C62D73500B0401C /* ARSessionManager.swift */; };
		CCA9A10D2C62D77A00B0401C /* MotionEstimator.swift in Sources */ = {isa = PBXBuildFile; fileRef = CCA9A10C2C62D77A00B0401C /* MotionEstimator.swift */; };
		CCA9A1102C62D7F600B0401C /* UtilNamespace.swift in Sources */ = {isa = PBXBuildFile; fileRef = CCA9A10F2C62D7F600B0401C /* UtilNamespace.swift */; };
		CCA9A1122C62D81900B0401C /* HexDump.swift in Sources */ = {isa = PBXBuildFile; fileRef = CCA9A1112C62D81900B0401C /* HexDump.swift */; };
		CCA9A1142C62D8A200B0401C /* float+Extensions.swift in Sources */ = {isa = PBXBuildFile; fileRef = CCA9A1132C62D8A200B0401C /* float+Extensions.swift */; };
		CCA9A1162C62D8BA00B0401C /* simd_float3+Extensions.swift in Sources */ = {isa = PBXBuildFile; fileRef = CCA9A1152C62D8BA00B0401C /* simd_float3+Extensions.swift */; };
		CCA9A1182C62D8D700B0401C /* simd_quatf+Extensions.swift in Sources */ = {isa = PBXBuildFile; fileRef = CCA9A1172C62D8D700B0401C /* simd_quatf+Extensions.swift */; };
		CCA9A11A2C62D90500B0401C /* simd_float4x4+Extensions.swift in Sources */ = {isa = PBXBuildFile; fileRef = CCA9A1192C62D90500B0401C /* simd_float4x4+Extensions.swift */; };
		CCA9A11C2C62D95900B0401C /* SceneMeshRenderer.swift in Sources */ = {isa = PBXBuildFile; fileRef = CCA9A11B2C62D95900B0401C /* SceneMeshRenderer.swift */; };
		CCA9A11F2C62D9A900B0401C /* ARViewContainer.swift in Sources */ = {isa = PBXBuildFile; fileRef = CCA9A11E2C62D9A900B0401C /* ARViewContainer.swift */; };
		CCA9A1232C62DB4600B0401C /* OnTouch.swift in Sources */ = {isa = PBXBuildFile; fileRef = CCA9A1222C62DB4600B0401C /* OnTouch.swift */; };
		CCA9A1252C62DBE900B0401C /* TriangleShape.swift in Sources */ = {isa = PBXBuildFile; fileRef = CCA9A1242C62DBE900B0401C /* TriangleShape.swift */; };
		CCA9A1272C62DBFB00B0401C /* PerMotorControlView.swift in Sources */ = {isa = PBXBuildFile; fileRef = CCA9A1262C62DBFB00B0401C /* PerMotorControlView.swift */; };
		CCA9A12A2C62E05700B0401C /* HoverboardController.swift in Sources */ = {isa = PBXBuildFile; fileRef = CCA9A1292C62E05700B0401C /* HoverboardController.swift */; };
		CCA9A12F2C62E0B300B0401C /* AsyncBluetoothManager.swift in Sources */ = {isa = PBXBuildFile; fileRef = CCA9A12E2C62E0B300B0401C /* AsyncBluetoothManager.swift */; };
		CCA9A1312C62E12400B0401C /* SimpleBinaryCodable.swift in Sources */ = {isa = PBXBuildFile; fileRef = CCA9A1302C62E12400B0401C /* SimpleBinaryCodable.swift */; };
		CCA9A1332C62E18700B0401C /* SimpleBinaryEncoder.swift in Sources */ = {isa = PBXBuildFile; fileRef = CCA9A1322C62E18700B0401C /* SimpleBinaryEncoder.swift */; };
		CCA9A1352C62E1AD00B0401C /* SimpleBinaryCodingError.swift in Sources */ = {isa = PBXBuildFile; fileRef = CCA9A1342C62E1AD00B0401C /* SimpleBinaryCodingError.swift */; };
		CCA9A1372C62E1CE00B0401C /* SimpleBinaryDecoder.swift in Sources */ = {isa = PBXBuildFile; fileRef = CCA9A1362C62E1CE00B0401C /* SimpleBinaryDecoder.swift */; };
		CCA9A1392C62E1FB00B0401C /* SimpleBinaryMessage.swift in Sources */ = {isa = PBXBuildFile; fileRef = CCA9A1382C62E1FB00B0401C /* SimpleBinaryMessage.swift */; };
		CCA9A13B2C62E36800B0401C /* HoverboardMessages.swift in Sources */ = {isa = PBXBuildFile; fileRef = CCA9A13A2C62E36800B0401C /* HoverboardMessages.swift */; };
		CCA9A13E2C62E5A900B0401C /* RealityKit.framework in Frameworks */ = {isa = PBXBuildFile; fileRef = CCA9A13D2C62E5A900B0401C /* RealityKit.framework */; };
		CCA9A1402C62E5B800B0401C /* ARKit.framework in Frameworks */ = {isa = PBXBuildFile; fileRef = CCA9A13F2C62E5B800B0401C /* ARKit.framework */; };
		CCA9A1422C62F83400B0401C /* HoverboardControlView.swift in Sources */ = {isa = PBXBuildFile; fileRef = CCA9A1412C62F83400B0401C /* HoverboardControlView.swift */; };
		CCA9A1442C62FAC500B0401C /* DPadHoverboardControlView.swift in Sources */ = {isa = PBXBuildFile; fileRef = CCA9A1432C62FAC500B0401C /* DPadHoverboardControlView.swift */; };
		CCA9A1462C62FD1300B0401C /* Clamp.swift in Sources */ = {isa = PBXBuildFile; fileRef = CCA9A1452C62FD1300B0401C /* Clamp.swift */; };
		CCFF51252C960D60007F27D7 /* FollowPath.swift in Sources */ = {isa = PBXBuildFile; fileRef = CCFF51242C960D60007F27D7 /* FollowPath.swift */; };
/* End PBXBuildFile section */

/* Begin PBXFileReference section */
		CC1125322C9384B8007AF247 /* Scan360.swift */ = {isa = PBXFileReference; lastKnownFileType = sourcecode.swift; path = Scan360.swift; sourceTree = "<group>"; };
		CC1125342C93A9A5007AF247 /* Task+Extensions.swift */ = {isa = PBXFileReference; lastKnownFileType = sourcecode.swift; path = "Task+Extensions.swift"; sourceTree = "<group>"; };
		CC1125362C93B8F2007AF247 /* NavigationController.swift */ = {isa = PBXFileReference; lastKnownFileType = sourcecode.swift; path = NavigationController.swift; sourceTree = "<group>"; };
		CC1125382C93BD3B007AF247 /* NavigateToGoal.swift */ = {isa = PBXFileReference; lastKnownFileType = sourcecode.swift; path = NavigateToGoal.swift; sourceTree = "<group>"; };
		CC11253A2C93F213007AF247 /* RenderOccupancyMap.swift */ = {isa = PBXFileReference; lastKnownFileType = sourcecode.swift; path = RenderOccupancyMap.swift; sourceTree = "<group>"; };
		CC2AA5DF2C7C010800A8DE67 /* Interpolator.swift */ = {isa = PBXFileReference; lastKnownFileType = sourcecode.swift; path = Interpolator.swift; sourceTree = "<group>"; };
		CC2AA5E32C7C070B00A8DE67 /* angular_velocity_kitchen_floor.txt */ = {isa = PBXFileReference; fileEncoding = 4; lastKnownFileType = text; path = angular_velocity_kitchen_floor.txt; sourceTree = "<group>"; };
		CC38DE322C7CE714003EEBDE /* SettingsView.swift */ = {isa = PBXFileReference; lastKnownFileType = sourcecode.swift; path = SettingsView.swift; sourceTree = "<group>"; };
		CC38DE342C7CEB4D003EEBDE /* Role.swift */ = {isa = PBXFileReference; lastKnownFileType = sourcecode.swift; path = Role.swift; sourceTree = "<group>"; };
		CC38DE362C7CECC4003EEBDE /* Settings.swift */ = {isa = PBXFileReference; lastKnownFileType = sourcecode.swift; path = Settings.swift; sourceTree = "<group>"; };
		CC38DE382C7CFBB9003EEBDE /* PeerManager.swift */ = {isa = PBXFileReference; lastKnownFileType = sourcecode.swift; path = PeerManager.swift; sourceTree = "<group>"; };
		CC38DE3A2C7D0744003EEBDE /* PeerMessages.swift */ = {isa = PBXFileReference; lastKnownFileType = sourcecode.swift; path = PeerMessages.swift; sourceTree = "<group>"; };
		CC38DE3C2C7D23B5003EEBDE /* ParticipantRenderer.swift */ = {isa = PBXFileReference; lastKnownFileType = sourcecode.swift; path = ParticipantRenderer.swift; sourceTree = "<group>"; };
		CC38DE3E2C7D4E96003EEBDE /* CollaborativeMappingStateView.swift */ = {isa = PBXFileReference; lastKnownFileType = sourcecode.swift; path = CollaborativeMappingStateView.swift; sourceTree = "<group>"; };
		CC38DE402C7D9E05003EEBDE /* WeakRef.swift */ = {isa = PBXFileReference; lastKnownFileType = sourcecode.swift; path = WeakRef.swift; sourceTree = "<group>"; };
		CC7C1CB02C76F336003BFA0B /* JSONMessage.swift */ = {isa = PBXFileReference; lastKnownFileType = sourcecode.swift; path = JSONMessage.swift; sourceTree = "<group>"; };
		CC7C1CB22C76F35E003BFA0B /* AsyncTCPConnection.swift */ = {isa = PBXFileReference; lastKnownFileType = sourcecode.swift; path = AsyncTCPConnection.swift; sourceTree = "<group>"; };
		CC7C1CB52C76F516003BFA0B /* ServerMessages.swift */ = {isa = PBXFileReference; lastKnownFileType = sourcecode.swift; path = ServerMessages.swift; sourceTree = "<group>"; };
		CC7C1CB72C76F577003BFA0B /* Client.swift */ = {isa = PBXFileReference; lastKnownFileType = sourcecode.swift; path = Client.swift; sourceTree = "<group>"; };
		CC7C1CB92C76F7B1003BFA0B /* Info.plist */ = {isa = PBXFileReference; lastKnownFileType = text.plist; path = Info.plist; sourceTree = "<group>"; };
		CC7C1CBA2C786DCD003BFA0B /* AsyncStreamMulticaster.swift */ = {isa = PBXFileReference; lastKnownFileType = sourcecode.swift; path = AsyncStreamMulticaster.swift; sourceTree = "<group>"; };
		CC7C1CBE2C7A66BC003BFA0B /* PID.swift */ = {isa = PBXFileReference; lastKnownFileType = sourcecode.swift; path = PID.swift; sourceTree = "<group>"; };
		CC8C39592C90F4380040559F /* FindPath.cpp */ = {isa = PBXFileReference; lastKnownFileType = sourcecode.cpp.cpp; path = FindPath.cpp; sourceTree = "<group>"; };
		CC8C395A2C90F4380040559F /* FindPath.hpp */ = {isa = PBXFileReference; lastKnownFileType = sourcecode.cpp.h; path = FindPath.hpp; sourceTree = "<group>"; };
		CC8C395C2C911EBA0040559F /* GPUOccupancyMap.swift */ = {isa = PBXFileReference; lastKnownFileType = sourcecode.swift; path = GPUOccupancyMap.swift; sourceTree = "<group>"; };
		CC8C395E2C912AA50040559F /* ComputeShaders.metal */ = {isa = PBXFileReference; lastKnownFileType = sourcecode.metal; path = ComputeShaders.metal; sourceTree = "<group>"; };
		CCA3B92A2C8CE0D400F15F9F /* DepthTest.swift */ = {isa = PBXFileReference; lastKnownFileType = sourcecode.swift; path = DepthTest.swift; sourceTree = "<group>"; };
		CCA3B92C2C8CE26E00F15F9F /* CVPixelBuffer+Extensions.swift */ = {isa = PBXFileReference; lastKnownFileType = sourcecode.swift; path = "CVPixelBuffer+Extensions.swift"; sourceTree = "<group>"; };
		CCA3B92E2C8CF7A800F15F9F /* simd_float3x3+Extensions.swift */ = {isa = PBXFileReference; lastKnownFileType = sourcecode.swift; path = "simd_float3x3+Extensions.swift"; sourceTree = "<group>"; };
		CCA3B9302C8D00DF00F15F9F /* simd_float4+Extensions.swift */ = {isa = PBXFileReference; lastKnownFileType = sourcecode.swift; path = "simd_float4+Extensions.swift"; sourceTree = "<group>"; };
		CCA3B9342C8EA2D300F15F9F /* Calibration.swift */ = {isa = PBXFileReference; lastKnownFileType = sourcecode.swift; path = Calibration.swift; sourceTree = "<group>"; };
		CCA3B9362C8EC40E00F15F9F /* RoBart-Bridging-Header.h */ = {isa = PBXFileReference; lastKnownFileType = sourcecode.c.h; path = "RoBart-Bridging-Header.h"; sourceTree = "<group>"; };
		CCA3B9372C8EC40E00F15F9F /* FilterDepthMap.cpp */ = {isa = PBXFileReference; lastKnownFileType = sourcecode.cpp.cpp; path = FilterDepthMap.cpp; sourceTree = "<group>"; };
		CCA3B9382C8EC40E00F15F9F /* FilterDepthMap.hpp */ = {isa = PBXFileReference; lastKnownFileType = sourcecode.cpp.h; path = FilterDepthMap.hpp; sourceTree = "<group>"; };
		CCA3B93A2C8ECB2F00F15F9F /* OccupancyMap.cpp */ = {isa = PBXFileReference; lastKnownFileType = sourcecode.cpp.cpp; path = OccupancyMap.cpp; sourceTree = "<group>"; };
		CCA3B93B2C8ECB2F00F15F9F /* OccupancyMap.hpp */ = {isa = PBXFileReference; lastKnownFileType = sourcecode.cpp.h; path = OccupancyMap.hpp; sourceTree = "<group>"; };
		CCA3B93D2C8FB7C400F15F9F /* Stopwatch.swift */ = {isa = PBXFileReference; lastKnownFileType = sourcecode.swift; path = Stopwatch.swift; sourceTree = "<group>"; };
		CCA9A0F82C62D35E00B0401C /* RoBart.app */ = {isa = PBXFileReference; explicitFileType = wrapper.application; includeInIndex = 0; path = RoBart.app; sourceTree = BUILT_PRODUCTS_DIR; };
		CCA9A0FB2C62D35E00B0401C /* RoBartApp.swift */ = {isa = PBXFileReference; lastKnownFileType = sourcecode.swift; path = RoBartApp.swift; sourceTree = "<group>"; };
		CCA9A0FD2C62D35E00B0401C /* ContentView.swift */ = {isa = PBXFileReference; lastKnownFileType = sourcecode.swift; path = ContentView.swift; sourceTree = "<group>"; };
		CCA9A0FF2C62D35F00B0401C /* Assets.xcassets */ = {isa = PBXFileReference; lastKnownFileType = folder.assetcatalog; path = Assets.xcassets; sourceTree = "<group>"; };
		CCA9A1022C62D35F00B0401C /* Preview Assets.xcassets */ = {isa = PBXFileReference; lastKnownFileType = folder.assetcatalog; path = "Preview Assets.xcassets"; sourceTree = "<group>"; };
		CCA9A10A2C62D73500B0401C /* ARSessionManager.swift */ = {isa = PBXFileReference; lastKnownFileType = sourcecode.swift; path = ARSessionManager.swift; sourceTree = "<group>"; };
		CCA9A10C2C62D77A00B0401C /* MotionEstimator.swift */ = {isa = PBXFileReference; lastKnownFileType = sourcecode.swift; path = MotionEstimator.swift; sourceTree = "<group>"; };
		CCA9A10F2C62D7F600B0401C /* UtilNamespace.swift */ = {isa = PBXFileReference; lastKnownFileType = sourcecode.swift; path = UtilNamespace.swift; sourceTree = "<group>"; };
		CCA9A1112C62D81900B0401C /* HexDump.swift */ = {isa = PBXFileReference; lastKnownFileType = sourcecode.swift; path = HexDump.swift; sourceTree = "<group>"; };
		CCA9A1132C62D8A200B0401C /* float+Extensions.swift */ = {isa = PBXFileReference; lastKnownFileType = sourcecode.swift; path = "float+Extensions.swift"; sourceTree = "<group>"; };
		CCA9A1152C62D8BA00B0401C /* simd_float3+Extensions.swift */ = {isa = PBXFileReference; lastKnownFileType = sourcecode.swift; path = "simd_float3+Extensions.swift"; sourceTree = "<group>"; };
		CCA9A1172C62D8D700B0401C /* simd_quatf+Extensions.swift */ = {isa = PBXFileReference; lastKnownFileType = sourcecode.swift; path = "simd_quatf+Extensions.swift"; sourceTree = "<group>"; };
		CCA9A1192C62D90500B0401C /* simd_float4x4+Extensions.swift */ = {isa = PBXFileReference; lastKnownFileType = sourcecode.swift; path = "simd_float4x4+Extensions.swift"; sourceTree = "<group>"; };
		CCA9A11B2C62D95900B0401C /* SceneMeshRenderer.swift */ = {isa = PBXFileReference; lastKnownFileType = sourcecode.swift; path = SceneMeshRenderer.swift; sourceTree = "<group>"; };
		CCA9A11E2C62D9A900B0401C /* ARViewContainer.swift */ = {isa = PBXFileReference; lastKnownFileType = sourcecode.swift; path = ARViewContainer.swift; sourceTree = "<group>"; };
		CCA9A1222C62DB4600B0401C /* OnTouch.swift */ = {isa = PBXFileReference; lastKnownFileType = sourcecode.swift; path = OnTouch.swift; sourceTree = "<group>"; };
		CCA9A1242C62DBE900B0401C /* TriangleShape.swift */ = {isa = PBXFileReference; lastKnownFileType = sourcecode.swift; path = TriangleShape.swift; sourceTree = "<group>"; };
		CCA9A1262C62DBFB00B0401C /* PerMotorControlView.swift */ = {isa = PBXFileReference; lastKnownFileType = sourcecode.swift; path = PerMotorControlView.swift; sourceTree = "<group>"; };
		CCA9A1292C62E05700B0401C /* HoverboardController.swift */ = {isa = PBXFileReference; lastKnownFileType = sourcecode.swift; path = HoverboardController.swift; sourceTree = "<group>"; };
		CCA9A12E2C62E0B300B0401C /* AsyncBluetoothManager.swift */ = {isa = PBXFileReference; lastKnownFileType = sourcecode.swift; path = AsyncBluetoothManager.swift; sourceTree = "<group>"; };
		CCA9A1302C62E12400B0401C /* SimpleBinaryCodable.swift */ = {isa = PBXFileReference; lastKnownFileType = sourcecode.swift; path = SimpleBinaryCodable.swift; sourceTree = "<group>"; };
		CCA9A1322C62E18700B0401C /* SimpleBinaryEncoder.swift */ = {isa = PBXFileReference; lastKnownFileType = sourcecode.swift; path = SimpleBinaryEncoder.swift; sourceTree = "<group>"; };
		CCA9A1342C62E1AD00B0401C /* SimpleBinaryCodingError.swift */ = {isa = PBXFileReference; lastKnownFileType = sourcecode.swift; path = SimpleBinaryCodingError.swift; sourceTree = "<group>"; };
		CCA9A1362C62E1CE00B0401C /* SimpleBinaryDecoder.swift */ = {isa = PBXFileReference; lastKnownFileType = sourcecode.swift; path = SimpleBinaryDecoder.swift; sourceTree = "<group>"; };
		CCA9A1382C62E1FB00B0401C /* SimpleBinaryMessage.swift */ = {isa = PBXFileReference; lastKnownFileType = sourcecode.swift; path = SimpleBinaryMessage.swift; sourceTree = "<group>"; };
		CCA9A13A2C62E36800B0401C /* HoverboardMessages.swift */ = {isa = PBXFileReference; lastKnownFileType = sourcecode.swift; path = HoverboardMessages.swift; sourceTree = "<group>"; };
		CCA9A13D2C62E5A900B0401C /* RealityKit.framework */ = {isa = PBXFileReference; lastKnownFileType = wrapper.framework; name = RealityKit.framework; path = System/Library/Frameworks/RealityKit.framework; sourceTree = SDKROOT; };
		CCA9A13F2C62E5B800B0401C /* ARKit.framework */ = {isa = PBXFileReference; lastKnownFileType = wrapper.framework; name = ARKit.framework; path = System/Library/Frameworks/ARKit.framework; sourceTree = SDKROOT; };
		CCA9A1412C62F83400B0401C /* HoverboardControlView.swift */ = {isa = PBXFileReference; lastKnownFileType = sourcecode.swift; path = HoverboardControlView.swift; sourceTree = "<group>"; };
		CCA9A1432C62FAC500B0401C /* DPadHoverboardControlView.swift */ = {isa = PBXFileReference; lastKnownFileType = sourcecode.swift; path = DPadHoverboardControlView.swift; sourceTree = "<group>"; };
		CCA9A1452C62FD1300B0401C /* Clamp.swift */ = {isa = PBXFileReference; lastKnownFileType = sourcecode.swift; path = Clamp.swift; sourceTree = "<group>"; };
		CCFF51242C960D60007F27D7 /* FollowPath.swift */ = {isa = PBXFileReference; lastKnownFileType = sourcecode.swift; path = FollowPath.swift; sourceTree = "<group>"; };
/* End PBXFileReference section */

/* Begin PBXFrameworksBuildPhase section */
		CCA9A0F52C62D35E00B0401C /* Frameworks */ = {
			isa = PBXFrameworksBuildPhase;
			buildActionMask = 2147483647;
			files = (
				CCA9A1402C62E5B800B0401C /* ARKit.framework in Frameworks */,
				CCA9A13E2C62E5A900B0401C /* RealityKit.framework in Frameworks */,
			);
			runOnlyForDeploymentPostprocessing = 0;
		};
/* End PBXFrameworksBuildPhase section */

/* Begin PBXGroup section */
		CC11252F2C938371007AF247 /* Mapping */ = {
			isa = PBXGroup;
			children = (
				CCA3B9372C8EC40E00F15F9F /* FilterDepthMap.cpp */,
				CCA3B9382C8EC40E00F15F9F /* FilterDepthMap.hpp */,
				CCA3B93A2C8ECB2F00F15F9F /* OccupancyMap.cpp */,
				CCA3B93B2C8ECB2F00F15F9F /* OccupancyMap.hpp */,
				CC8C395C2C911EBA0040559F /* GPUOccupancyMap.swift */,
				CC8C395E2C912AA50040559F /* ComputeShaders.metal */,
				CC11253A2C93F213007AF247 /* RenderOccupancyMap.swift */,
			);
			path = Mapping;
			sourceTree = "<group>";
		};
		CC1125302C9383A3007AF247 /* Pathfinding */ = {
			isa = PBXGroup;
			children = (
				CC8C39592C90F4380040559F /* FindPath.cpp */,
				CC8C395A2C90F4380040559F /* FindPath.hpp */,
			);
			path = Pathfinding;
			sourceTree = "<group>";
		};
		CC2AA5DE2C7BF3B000A8DE67 /* Calibration */ = {
			isa = PBXGroup;
			children = (
				CC2AA5E32C7C070B00A8DE67 /* angular_velocity_kitchen_floor.txt */,
				CCA3B9342C8EA2D300F15F9F /* Calibration.swift */,
			);
			path = Calibration;
			sourceTree = "<group>";
		};
		CC7C1CAE2C76F2D6003BFA0B /* Binary */ = {
			isa = PBXGroup;
			children = (
				CCA9A1342C62E1AD00B0401C /* SimpleBinaryCodingError.swift */,
				CCA9A1322C62E18700B0401C /* SimpleBinaryEncoder.swift */,
				CCA9A1362C62E1CE00B0401C /* SimpleBinaryDecoder.swift */,
				CCA9A1302C62E12400B0401C /* SimpleBinaryCodable.swift */,
				CCA9A1382C62E1FB00B0401C /* SimpleBinaryMessage.swift */,
			);
			path = Binary;
			sourceTree = "<group>";
		};
		CC7C1CAF2C76F2E8003BFA0B /* JSON */ = {
			isa = PBXGroup;
			children = (
				CC7C1CB02C76F336003BFA0B /* JSONMessage.swift */,
			);
			path = JSON;
			sourceTree = "<group>";
		};
		CC7C1CB42C76F493003BFA0B /* RemoteControl */ = {
			isa = PBXGroup;
			children = (
				CC7C1CB52C76F516003BFA0B /* ServerMessages.swift */,
				CC7C1CB72C76F577003BFA0B /* Client.swift */,
				CC38DE3A2C7D0744003EEBDE /* PeerMessages.swift */,
			);
			path = RemoteControl;
			sourceTree = "<group>";
		};
		CCA3B9292C8CE02100F15F9F /* Navigation */ = {
			isa = PBXGroup;
			children = (
				CC11252F2C938371007AF247 /* Mapping */,
				CC1125302C9383A3007AF247 /* Pathfinding */,
				CCA3B92A2C8CE0D400F15F9F /* DepthTest.swift */,
				CC1125322C9384B8007AF247 /* Scan360.swift */,
				CC1125362C93B8F2007AF247 /* NavigationController.swift */,
				CC1125382C93BD3B007AF247 /* NavigateToGoal.swift */,
				CCFF51242C960D60007F27D7 /* FollowPath.swift */,
			);
			path = Navigation;
			sourceTree = "<group>";
		};
		CCA9A0EF2C62D35E00B0401C = {
			isa = PBXGroup;
			children = (
				CCA9A0FA2C62D35E00B0401C /* RoBart */,
				CCA9A0F92C62D35E00B0401C /* Products */,
				CCA9A13C2C62E5A800B0401C /* Frameworks */,
			);
			sourceTree = "<group>";
		};
		CCA9A0F92C62D35E00B0401C /* Products */ = {
			isa = PBXGroup;
			children = (
				CCA9A0F82C62D35E00B0401C /* RoBart.app */,
			);
			name = Products;
			sourceTree = "<group>";
		};
		CCA9A0FA2C62D35E00B0401C /* RoBart */ = {
			isa = PBXGroup;
			children = (
				CC2AA5DE2C7BF3B000A8DE67 /* Calibration */,
				CC7C1CB92C76F7B1003BFA0B /* Info.plist */,
				CCA9A10E2C62D7D700B0401C /* Util */,
				CCA9A1092C62D71B00B0401C /* AR */,
				CCA9A12B2C62E07F00B0401C /* Networking */,
				CCA9A1282C62E02A00B0401C /* Hoverboard */,
				CCA3B9292C8CE02100F15F9F /* Navigation */,
				CC7C1CB42C76F493003BFA0B /* RemoteControl */,
				CCA9A11D2C62D98A00B0401C /* Views */,
				CCA9A0FB2C62D35E00B0401C /* RoBartApp.swift */,
				CC38DE342C7CEB4D003EEBDE /* Role.swift */,
				CC38DE362C7CECC4003EEBDE /* Settings.swift */,
				CCA3B9362C8EC40E00F15F9F /* RoBart-Bridging-Header.h */,
				CCA9A0FF2C62D35F00B0401C /* Assets.xcassets */,
				CCA9A1012C62D35F00B0401C /* Preview Content */,
			);
			path = RoBart;
			sourceTree = "<group>";
		};
		CCA9A1012C62D35F00B0401C /* Preview Content */ = {
			isa = PBXGroup;
			children = (
				CCA9A1022C62D35F00B0401C /* Preview Assets.xcassets */,
			);
			path = "Preview Content";
			sourceTree = "<group>";
		};
		CCA9A1092C62D71B00B0401C /* AR */ = {
			isa = PBXGroup;
			children = (
				CCA9A10A2C62D73500B0401C /* ARSessionManager.swift */,
				CCA9A10C2C62D77A00B0401C /* MotionEstimator.swift */,
				CCA9A11B2C62D95900B0401C /* SceneMeshRenderer.swift */,
				CC38DE3C2C7D23B5003EEBDE /* ParticipantRenderer.swift */,
			);
			path = AR;
			sourceTree = "<group>";
		};
		CCA9A10E2C62D7D700B0401C /* Util */ = {
			isa = PBXGroup;
			children = (
				CCA9A10F2C62D7F600B0401C /* UtilNamespace.swift */,
				CCA9A1112C62D81900B0401C /* HexDump.swift */,
				CCA9A1132C62D8A200B0401C /* float+Extensions.swift */,
				CCA9A1152C62D8BA00B0401C /* simd_float3+Extensions.swift */,
				CCA3B9302C8D00DF00F15F9F /* simd_float4+Extensions.swift */,
				CCA9A1172C62D8D700B0401C /* simd_quatf+Extensions.swift */,
				CCA3B92E2C8CF7A800F15F9F /* simd_float3x3+Extensions.swift */,
				CCA9A1192C62D90500B0401C /* simd_float4x4+Extensions.swift */,
				CCA9A1452C62FD1300B0401C /* Clamp.swift */,
				CC7C1CBA2C786DCD003BFA0B /* AsyncStreamMulticaster.swift */,
				CC2AA5DF2C7C010800A8DE67 /* Interpolator.swift */,
				CC38DE402C7D9E05003EEBDE /* WeakRef.swift */,
				CCA3B92C2C8CE26E00F15F9F /* CVPixelBuffer+Extensions.swift */,
				CCA3B93D2C8FB7C400F15F9F /* Stopwatch.swift */,
				CC1125342C93A9A5007AF247 /* Task+Extensions.swift */,
			);
			path = Util;
			sourceTree = "<group>";
		};
		CCA9A11D2C62D98A00B0401C /* Views */ = {
			isa = PBXGroup;
			children = (
				CCA9A1202C62DA1600B0401C /* AR */,
				CCA9A1212C62DADF00B0401C /* Hoverboard */,
				CCA9A0FD2C62D35E00B0401C /* ContentView.swift */,
				CC38DE322C7CE714003EEBDE /* SettingsView.swift */,
			);
			path = Views;
			sourceTree = "<group>";
		};
		CCA9A1202C62DA1600B0401C /* AR */ = {
			isa = PBXGroup;
			children = (
				CCA9A11E2C62D9A900B0401C /* ARViewContainer.swift */,
				CC38DE3E2C7D4E96003EEBDE /* CollaborativeMappingStateView.swift */,
			);
			path = AR;
			sourceTree = "<group>";
		};
		CCA9A1212C62DADF00B0401C /* Hoverboard */ = {
			isa = PBXGroup;
			children = (
				CCA9A1222C62DB4600B0401C /* OnTouch.swift */,
				CCA9A1242C62DBE900B0401C /* TriangleShape.swift */,
				CCA9A1262C62DBFB00B0401C /* PerMotorControlView.swift */,
				CCA9A1432C62FAC500B0401C /* DPadHoverboardControlView.swift */,
				CCA9A1412C62F83400B0401C /* HoverboardControlView.swift */,
			);
			path = Hoverboard;
			sourceTree = "<group>";
		};
		CCA9A1282C62E02A00B0401C /* Hoverboard */ = {
			isa = PBXGroup;
			children = (
				CCA9A1292C62E05700B0401C /* HoverboardController.swift */,
				CCA9A13A2C62E36800B0401C /* HoverboardMessages.swift */,
				CC7C1CBE2C7A66BC003BFA0B /* PID.swift */,
			);
			path = Hoverboard;
			sourceTree = "<group>";
		};
		CCA9A12B2C62E07F00B0401C /* Networking */ = {
			isa = PBXGroup;
			children = (
				CCA9A12C2C62E08E00B0401C /* Serialization */,
				CCA9A12E2C62E0B300B0401C /* AsyncBluetoothManager.swift */,
				CC7C1CB22C76F35E003BFA0B /* AsyncTCPConnection.swift */,
				CC38DE382C7CFBB9003EEBDE /* PeerManager.swift */,
			);
			path = Networking;
			sourceTree = "<group>";
		};
		CCA9A12C2C62E08E00B0401C /* Serialization */ = {
			isa = PBXGroup;
			children = (
				CC7C1CAE2C76F2D6003BFA0B /* Binary */,
				CC7C1CAF2C76F2E8003BFA0B /* JSON */,
			);
			path = Serialization;
			sourceTree = "<group>";
		};
		CCA9A13C2C62E5A800B0401C /* Frameworks */ = {
			isa = PBXGroup;
			children = (
				CCA9A13F2C62E5B800B0401C /* ARKit.framework */,
				CCA9A13D2C62E5A900B0401C /* RealityKit.framework */,
			);
			name = Frameworks;
			sourceTree = "<group>";
		};
/* End PBXGroup section */

/* Begin PBXNativeTarget section */
		CCA9A0F72C62D35E00B0401C /* RoBart */ = {
			isa = PBXNativeTarget;
			buildConfigurationList = CCA9A1062C62D35F00B0401C /* Build configuration list for PBXNativeTarget "RoBart" */;
			buildPhases = (
				CCA9A0F42C62D35E00B0401C /* Sources */,
				CCA9A0F52C62D35E00B0401C /* Frameworks */,
				CCA9A0F62C62D35E00B0401C /* Resources */,
			);
			buildRules = (
			);
			dependencies = (
			);
			name = RoBart;
			productName = Robart;
			productReference = CCA9A0F82C62D35E00B0401C /* RoBart.app */;
			productType = "com.apple.product-type.application";
		};
/* End PBXNativeTarget section */

/* Begin PBXProject section */
		CCA9A0F02C62D35E00B0401C /* Project object */ = {
			isa = PBXProject;
			attributes = {
				BuildIndependentTargetsInParallel = 1;
				LastSwiftUpdateCheck = 1540;
				LastUpgradeCheck = 1540;
				TargetAttributes = {
					CCA9A0F72C62D35E00B0401C = {
						CreatedOnToolsVersion = 15.4;
						LastSwiftMigration = 1540;
					};
				};
			};
			buildConfigurationList = CCA9A0F32C62D35E00B0401C /* Build configuration list for PBXProject "RoBart" */;
			compatibilityVersion = "Xcode 14.0";
			developmentRegion = en;
			hasScannedForEncodings = 0;
			knownRegions = (
				en,
				Base,
			);
			mainGroup = CCA9A0EF2C62D35E00B0401C;
			productRefGroup = CCA9A0F92C62D35E00B0401C /* Products */;
			projectDirPath = "";
			projectRoot = "";
			targets = (
				CCA9A0F72C62D35E00B0401C /* RoBart */,
			);
		};
/* End PBXProject section */

/* Begin PBXResourcesBuildPhase section */
		CCA9A0F62C62D35E00B0401C /* Resources */ = {
			isa = PBXResourcesBuildPhase;
			buildActionMask = 2147483647;
			files = (
				CCA9A1032C62D35F00B0401C /* Preview Assets.xcassets in Resources */,
				CCA9A1002C62D35F00B0401C /* Assets.xcassets in Resources */,
				CC2AA5E42C7C070B00A8DE67 /* angular_velocity_kitchen_floor.txt in Resources */,
			);
			runOnlyForDeploymentPostprocessing = 0;
		};
/* End PBXResourcesBuildPhase section */

/* Begin PBXSourcesBuildPhase section */
		CCA9A0F42C62D35E00B0401C /* Sources */ = {
			isa = PBXSourcesBuildPhase;
			buildActionMask = 2147483647;
			files = (
				CC1125332C9384B8007AF247 /* Scan360.swift in Sources */,
				CCA9A1272C62DBFB00B0401C /* PerMotorControlView.swift in Sources */,
				CC38DE3D2C7D23B5003EEBDE /* ParticipantRenderer.swift in Sources */,
				CC7C1CBF2C7A66BC003BFA0B /* PID.swift in Sources */,
				CCA9A13B2C62E36800B0401C /* HoverboardMessages.swift in Sources */,
				CCA9A1352C62E1AD00B0401C /* SimpleBinaryCodingError.swift in Sources */,
				CCA9A1142C62D8A200B0401C /* float+Extensions.swift in Sources */,
				CC11253B2C93F213007AF247 /* RenderOccupancyMap.swift in Sources */,
				CC38DE332C7CE714003EEBDE /* SettingsView.swift in Sources */,
				CCA3B93E2C8FB7C400F15F9F /* Stopwatch.swift in Sources */,
				CC38DE372C7CECC4003EEBDE /* Settings.swift in Sources */,
				CCFF51252C960D60007F27D7 /* FollowPath.swift in Sources */,
				CC1125352C93A9A5007AF247 /* Task+Extensions.swift in Sources */,
				CC7C1CB62C76F516003BFA0B /* ServerMessages.swift in Sources */,
				CC7C1CB32C76F35E003BFA0B /* AsyncTCPConnection.swift in Sources */,
				CC7C1CB12C76F336003BFA0B /* JSONMessage.swift in Sources */,
				CCA3B92D2C8CE26E00F15F9F /* CVPixelBuffer+Extensions.swift in Sources */,
				CCA9A0FE2C62D35E00B0401C /* ContentView.swift in Sources */,
				CC7C1CB82C76F577003BFA0B /* Client.swift in Sources */,
				CCA9A11A2C62D90500B0401C /* simd_float4x4+Extensions.swift in Sources */,
				CCA9A1422C62F83400B0401C /* HoverboardControlView.swift in Sources */,
				CCA3B92B2C8CE0D400F15F9F /* DepthTest.swift in Sources */,
				CCA9A1372C62E1CE00B0401C /* SimpleBinaryDecoder.swift in Sources */,
				CCA9A12F2C62E0B300B0401C /* AsyncBluetoothManager.swift in Sources */,
				CC1125372C93B8F2007AF247 /* NavigationController.swift in Sources */,
				CC8C395F2C912AA50040559F /* ComputeShaders.metal in Sources */,
				CC8C395D2C911EBA0040559F /* GPUOccupancyMap.swift in Sources */,
				CCA3B9352C8EA2D300F15F9F /* Calibration.swift in Sources */,
				CCA9A1232C62DB4600B0401C /* OnTouch.swift in Sources */,
				CCA9A12A2C62E05700B0401C /* HoverboardController.swift in Sources */,
				CCA9A1122C62D81900B0401C /* HexDump.swift in Sources */,
				CC2AA5E02C7C010800A8DE67 /* Interpolator.swift in Sources */,
				CC7C1CBB2C786DCD003BFA0B /* AsyncStreamMulticaster.swift in Sources */,
				CCA9A0FC2C62D35E00B0401C /* RoBartApp.swift in Sources */,
				CCA9A11F2C62D9A900B0401C /* ARViewContainer.swift in Sources */,
				CCA3B93C2C8ECB2F00F15F9F /* OccupancyMap.cpp in Sources */,
				CCA9A1392C62E1FB00B0401C /* SimpleBinaryMessage.swift in Sources */,
				CCA9A10D2C62D77A00B0401C /* MotionEstimator.swift in Sources */,
				CC38DE412C7D9E05003EEBDE /* WeakRef.swift in Sources */,
				CCA9A1102C62D7F600B0401C /* UtilNamespace.swift in Sources */,
				CC8C395B2C90F4380040559F /* FindPath.cpp in Sources */,
				CCA9A11C2C62D95900B0401C /* SceneMeshRenderer.swift in Sources */,
				CC38DE392C7CFBB9003EEBDE /* PeerManager.swift in Sources */,
				CCA9A1312C62E12400B0401C /* SimpleBinaryCodable.swift in Sources */,
				CC38DE3B2C7D0744003EEBDE /* PeerMessages.swift in Sources */,
				CCA9A10B2C62D73500B0401C /* ARSessionManager.swift in Sources */,
				CCA3B92F2C8CF7A800F15F9F /* simd_float3x3+Extensions.swift in Sources */,
				CCA9A1332C62E18700B0401C /* SimpleBinaryEncoder.swift in Sources */,
				CC38DE352C7CEB4D003EEBDE /* Role.swift in Sources */,
				CCA9A1252C62DBE900B0401C /* TriangleShape.swift in Sources */,
				CCA9A1442C62FAC500B0401C /* DPadHoverboardControlView.swift in Sources */,
				CCA9A1162C62D8BA00B0401C /* simd_float3+Extensions.swift in Sources */,
				CC38DE3F2C7D4E96003EEBDE /* CollaborativeMappingStateView.swift in Sources */,
				CCA3B9392C8EC40E00F15F9F /* FilterDepthMap.cpp in Sources */,
				CC1125392C93BD3B007AF247 /* NavigateToGoal.swift in Sources */,
				CCA9A1182C62D8D700B0401C /* simd_quatf+Extensions.swift in Sources */,
				CCA3B9312C8D00DF00F15F9F /* simd_float4+Extensions.swift in Sources */,
				CCA9A1462C62FD1300B0401C /* Clamp.swift in Sources */,
			);
			runOnlyForDeploymentPostprocessing = 0;
		};
/* End PBXSourcesBuildPhase section */

/* Begin XCBuildConfiguration section */
		CCA9A1042C62D35F00B0401C /* Debug */ = {
			isa = XCBuildConfiguration;
			buildSettings = {
				ALWAYS_SEARCH_USER_PATHS = NO;
				ASSETCATALOG_COMPILER_GENERATE_SWIFT_ASSET_SYMBOL_EXTENSIONS = YES;
				CLANG_ANALYZER_NONNULL = YES;
				CLANG_ANALYZER_NUMBER_OBJECT_CONVERSION = YES_AGGRESSIVE;
				CLANG_CXX_LANGUAGE_STANDARD = "gnu++20";
				CLANG_ENABLE_MODULES = YES;
				CLANG_ENABLE_OBJC_ARC = YES;
				CLANG_ENABLE_OBJC_WEAK = YES;
				CLANG_WARN_BLOCK_CAPTURE_AUTORELEASING = YES;
				CLANG_WARN_BOOL_CONVERSION = YES;
				CLANG_WARN_COMMA = YES;
				CLANG_WARN_CONSTANT_CONVERSION = YES;
				CLANG_WARN_DEPRECATED_OBJC_IMPLEMENTATIONS = YES;
				CLANG_WARN_DIRECT_OBJC_ISA_USAGE = YES_ERROR;
				CLANG_WARN_DOCUMENTATION_COMMENTS = YES;
				CLANG_WARN_EMPTY_BODY = YES;
				CLANG_WARN_ENUM_CONVERSION = YES;
				CLANG_WARN_INFINITE_RECURSION = YES;
				CLANG_WARN_INT_CONVERSION = YES;
				CLANG_WARN_NON_LITERAL_NULL_CONVERSION = YES;
				CLANG_WARN_OBJC_IMPLICIT_RETAIN_SELF = YES;
				CLANG_WARN_OBJC_LITERAL_CONVERSION = YES;
				CLANG_WARN_OBJC_ROOT_CLASS = YES_ERROR;
				CLANG_WARN_QUOTED_INCLUDE_IN_FRAMEWORK_HEADER = YES;
				CLANG_WARN_RANGE_LOOP_ANALYSIS = YES;
				CLANG_WARN_STRICT_PROTOTYPES = YES;
				CLANG_WARN_SUSPICIOUS_MOVE = YES;
				CLANG_WARN_UNGUARDED_AVAILABILITY = YES_AGGRESSIVE;
				CLANG_WARN_UNREACHABLE_CODE = YES;
				CLANG_WARN__DUPLICATE_METHOD_MATCH = YES;
				COPY_PHASE_STRIP = NO;
				DEBUG_INFORMATION_FORMAT = dwarf;
				ENABLE_STRICT_OBJC_MSGSEND = YES;
				ENABLE_TESTABILITY = YES;
				ENABLE_USER_SCRIPT_SANDBOXING = YES;
				GCC_C_LANGUAGE_STANDARD = gnu17;
				GCC_DYNAMIC_NO_PIC = NO;
				GCC_NO_COMMON_BLOCKS = YES;
				GCC_OPTIMIZATION_LEVEL = 0;
				GCC_PREPROCESSOR_DEFINITIONS = (
					"DEBUG=1",
					"$(inherited)",
				);
				GCC_WARN_64_TO_32_BIT_CONVERSION = YES;
				GCC_WARN_ABOUT_RETURN_TYPE = YES_ERROR;
				GCC_WARN_UNDECLARED_SELECTOR = YES;
				GCC_WARN_UNINITIALIZED_AUTOS = YES_AGGRESSIVE;
				GCC_WARN_UNUSED_FUNCTION = YES;
				GCC_WARN_UNUSED_VARIABLE = YES;
				IPHONEOS_DEPLOYMENT_TARGET = 17.5;
				LOCALIZATION_PREFERS_STRING_CATALOGS = YES;
				MTL_ENABLE_DEBUG_INFO = INCLUDE_SOURCE;
				MTL_FAST_MATH = YES;
				ONLY_ACTIVE_ARCH = YES;
				SDKROOT = iphoneos;
				SWIFT_ACTIVE_COMPILATION_CONDITIONS = "DEBUG $(inherited)";
				SWIFT_OPTIMIZATION_LEVEL = "-Onone";
			};
			name = Debug;
		};
		CCA9A1052C62D35F00B0401C /* Release */ = {
			isa = XCBuildConfiguration;
			buildSettings = {
				ALWAYS_SEARCH_USER_PATHS = NO;
				ASSETCATALOG_COMPILER_GENERATE_SWIFT_ASSET_SYMBOL_EXTENSIONS = YES;
				CLANG_ANALYZER_NONNULL = YES;
				CLANG_ANALYZER_NUMBER_OBJECT_CONVERSION = YES_AGGRESSIVE;
				CLANG_CXX_LANGUAGE_STANDARD = "gnu++20";
				CLANG_ENABLE_MODULES = YES;
				CLANG_ENABLE_OBJC_ARC = YES;
				CLANG_ENABLE_OBJC_WEAK = YES;
				CLANG_WARN_BLOCK_CAPTURE_AUTORELEASING = YES;
				CLANG_WARN_BOOL_CONVERSION = YES;
				CLANG_WARN_COMMA = YES;
				CLANG_WARN_CONSTANT_CONVERSION = YES;
				CLANG_WARN_DEPRECATED_OBJC_IMPLEMENTATIONS = YES;
				CLANG_WARN_DIRECT_OBJC_ISA_USAGE = YES_ERROR;
				CLANG_WARN_DOCUMENTATION_COMMENTS = YES;
				CLANG_WARN_EMPTY_BODY = YES;
				CLANG_WARN_ENUM_CONVERSION = YES;
				CLANG_WARN_INFINITE_RECURSION = YES;
				CLANG_WARN_INT_CONVERSION = YES;
				CLANG_WARN_NON_LITERAL_NULL_CONVERSION = YES;
				CLANG_WARN_OBJC_IMPLICIT_RETAIN_SELF = YES;
				CLANG_WARN_OBJC_LITERAL_CONVERSION = YES;
				CLANG_WARN_OBJC_ROOT_CLASS = YES_ERROR;
				CLANG_WARN_QUOTED_INCLUDE_IN_FRAMEWORK_HEADER = YES;
				CLANG_WARN_RANGE_LOOP_ANALYSIS = YES;
				CLANG_WARN_STRICT_PROTOTYPES = YES;
				CLANG_WARN_SUSPICIOUS_MOVE = YES;
				CLANG_WARN_UNGUARDED_AVAILABILITY = YES_AGGRESSIVE;
				CLANG_WARN_UNREACHABLE_CODE = YES;
				CLANG_WARN__DUPLICATE_METHOD_MATCH = YES;
				COPY_PHASE_STRIP = NO;
				DEBUG_INFORMATION_FORMAT = "dwarf-with-dsym";
				ENABLE_NS_ASSERTIONS = NO;
				ENABLE_STRICT_OBJC_MSGSEND = YES;
				ENABLE_USER_SCRIPT_SANDBOXING = YES;
				GCC_C_LANGUAGE_STANDARD = gnu17;
				GCC_NO_COMMON_BLOCKS = YES;
				GCC_WARN_64_TO_32_BIT_CONVERSION = YES;
				GCC_WARN_ABOUT_RETURN_TYPE = YES_ERROR;
				GCC_WARN_UNDECLARED_SELECTOR = YES;
				GCC_WARN_UNINITIALIZED_AUTOS = YES_AGGRESSIVE;
				GCC_WARN_UNUSED_FUNCTION = YES;
				GCC_WARN_UNUSED_VARIABLE = YES;
				IPHONEOS_DEPLOYMENT_TARGET = 17.5;
				LOCALIZATION_PREFERS_STRING_CATALOGS = YES;
				MTL_ENABLE_DEBUG_INFO = NO;
				MTL_FAST_MATH = YES;
				SDKROOT = iphoneos;
				SWIFT_COMPILATION_MODE = wholemodule;
				VALIDATE_PRODUCT = YES;
			};
			name = Release;
		};
		CCA9A1072C62D35F00B0401C /* Debug */ = {
			isa = XCBuildConfiguration;
			buildSettings = {
				ASSETCATALOG_COMPILER_APPICON_NAME = AppIcon;
				ASSETCATALOG_COMPILER_GLOBAL_ACCENT_COLOR_NAME = AccentColor;
				CLANG_CXX_LANGUAGE_STANDARD = "gnu++20";
				CLANG_ENABLE_MODULES = YES;
				CODE_SIGN_STYLE = Automatic;
				CURRENT_PROJECT_VERSION = 1;
				DEVELOPMENT_ASSET_PATHS = "\"Robart/Preview Content\"";
				DEVELOPMENT_TEAM = 7T2874S592;
				ENABLE_PREVIEWS = YES;
				GENERATE_INFOPLIST_FILE = YES;
				INFOPLIST_FILE = RoBart/Info.plist;
				INFOPLIST_KEY_NSBluetoothAlwaysUsageDescription = "Communication with motor control board.";
				INFOPLIST_KEY_NSCameraUsageDescription = "ARKit-based tracking.";
				INFOPLIST_KEY_NSLocalNetworkUsageDescription = "Connect to nearby phones using this app.";
				INFOPLIST_KEY_UIApplicationSceneManifest_Generation = YES;
				INFOPLIST_KEY_UIApplicationSupportsIndirectInputEvents = YES;
				INFOPLIST_KEY_UILaunchScreen_Generation = YES;
				INFOPLIST_KEY_UISupportedInterfaceOrientations_iPad = "UIInterfaceOrientationPortrait UIInterfaceOrientationPortraitUpsideDown UIInterfaceOrientationLandscapeLeft UIInterfaceOrientationLandscapeRight";
				INFOPLIST_KEY_UISupportedInterfaceOrientations_iPhone = "UIInterfaceOrientationPortrait UIInterfaceOrientationLandscapeLeft UIInterfaceOrientationLandscapeRight";
				LD_RUNPATH_SEARCH_PATHS = (
					"$(inherited)",
					"@executable_path/Frameworks",
				);
				MARKETING_VERSION = 1.0;
				PRODUCT_BUNDLE_IDENTIFIER = com.cambrianmoment.RoBart;
				PRODUCT_NAME = "$(TARGET_NAME)";
				SWIFT_EMIT_LOC_STRINGS = YES;
				SWIFT_OBJC_BRIDGING_HEADER = "RoBart/RoBart-Bridging-Header.h";
				SWIFT_OBJC_INTEROP_MODE = objcxx;
				SWIFT_OPTIMIZATION_LEVEL = "-Onone";
				SWIFT_VERSION = 5.0;
				TARGETED_DEVICE_FAMILY = "1,2";
			};
			name = Debug;
		};
		CCA9A1082C62D35F00B0401C /* Release */ = {
			isa = XCBuildConfiguration;
			buildSettings = {
				ASSETCATALOG_COMPILER_APPICON_NAME = AppIcon;
				ASSETCATALOG_COMPILER_GLOBAL_ACCENT_COLOR_NAME = AccentColor;
				CLANG_CXX_LANGUAGE_STANDARD = "gnu++20";
				CLANG_ENABLE_MODULES = YES;
				CODE_SIGN_STYLE = Automatic;
				CURRENT_PROJECT_VERSION = 1;
				DEVELOPMENT_ASSET_PATHS = "\"Robart/Preview Content\"";
				DEVELOPMENT_TEAM = 7T2874S592;
				ENABLE_PREVIEWS = YES;
				GENERATE_INFOPLIST_FILE = YES;
				INFOPLIST_FILE = RoBart/Info.plist;
				INFOPLIST_KEY_NSBluetoothAlwaysUsageDescription = "Communication with motor control board.";
				INFOPLIST_KEY_NSCameraUsageDescription = "ARKit-based tracking.";
				INFOPLIST_KEY_NSLocalNetworkUsageDescription = "Connect to nearby phones using this app.";
				INFOPLIST_KEY_UIApplicationSceneManifest_Generation = YES;
				INFOPLIST_KEY_UIApplicationSupportsIndirectInputEvents = YES;
				INFOPLIST_KEY_UILaunchScreen_Generation = YES;
				INFOPLIST_KEY_UISupportedInterfaceOrientations_iPad = "UIInterfaceOrientationPortrait UIInterfaceOrientationPortraitUpsideDown UIInterfaceOrientationLandscapeLeft UIInterfaceOrientationLandscapeRight";
				INFOPLIST_KEY_UISupportedInterfaceOrientations_iPhone = "UIInterfaceOrientationPortrait UIInterfaceOrientationLandscapeLeft UIInterfaceOrientationLandscapeRight";
				LD_RUNPATH_SEARCH_PATHS = (
					"$(inherited)",
					"@executable_path/Frameworks",
				);
				MARKETING_VERSION = 1.0;
				PRODUCT_BUNDLE_IDENTIFIER = com.cambrianmoment.RoBart;
				PRODUCT_NAME = "$(TARGET_NAME)";
				SWIFT_EMIT_LOC_STRINGS = YES;
				SWIFT_OBJC_BRIDGING_HEADER = "RoBart/RoBart-Bridging-Header.h";
				SWIFT_OBJC_INTEROP_MODE = objcxx;
				SWIFT_VERSION = 5.0;
				TARGETED_DEVICE_FAMILY = "1,2";
			};
			name = Release;
		};
/* End XCBuildConfiguration section */

/* Begin XCConfigurationList section */
		CCA9A0F32C62D35E00B0401C /* Build configuration list for PBXProject "RoBart" */ = {
			isa = XCConfigurationList;
			buildConfigurations = (
				CCA9A1042C62D35F00B0401C /* Debug */,
				CCA9A1052C62D35F00B0401C /* Release */,
			);
			defaultConfigurationIsVisible = 0;
			defaultConfigurationName = Release;
		};
		CCA9A1062C62D35F00B0401C /* Build configuration list for PBXNativeTarget "RoBart" */ = {
			isa = XCConfigurationList;
			buildConfigurations = (
				CCA9A1072C62D35F00B0401C /* Debug */,
				CCA9A1082C62D35F00B0401C /* Release */,
			);
			defaultConfigurationIsVisible = 0;
			defaultConfigurationName = Release;
		};
/* End XCConfigurationList section */
	};
	rootObject = CCA9A0F02C62D35E00B0401C /* Project object */;
}
